
Microsoft Visual Studio Solution File, Format Version 12.00
# Visual Studio Version 17
VisualStudioVersion = 17.5.33530.505
MinimumVisualStudioVersion = 10.0.40219.1
Project("{FAE04EC0-301F-11D3-BF4B-00C04F79EFBC}") = "ByteCuisine.Server", "Server\ByteCuisine.Server.csproj", "{468BF94E-6C26-4D6E-95CE-9571D6CB2CF0}"
EndProject
Project("{FAE04EC0-301F-11D3-BF4B-00C04F79EFBC}") = "ByteCuisine.Client", "Client\ByteCuisine.Client.csproj", "{AB8142C3-4D0F-4E16-A133-C5F02772D16D}"
EndProject
Project("{FAE04EC0-301F-11D3-BF4B-00C04F79EFBC}") = "ByteCuisine.Shared", "Shared\ByteCuisine.Shared.csproj", "{0CF00A3A-91E8-4371-8544-D8840BAF1DAE}"
EndProject
Global
	GlobalSection(SolutionConfigurationPlatforms) = preSolution
		Debug|Any CPU = Debug|Any CPU
		Release|Any CPU = Release|Any CPU
	EndGlobalSection
	GlobalSection(ProjectConfigurationPlatforms) = postSolution
		{468BF94E-6C26-4D6E-95CE-9571D6CB2CF0}.Debug|Any CPU.ActiveCfg = Debug|Any CPU
		{468BF94E-6C26-4D6E-95CE-9571D6CB2CF0}.Debug|Any CPU.Build.0 = Debug|Any CPU
		{468BF94E-6C26-4D6E-95CE-9571D6CB2CF0}.Release|Any CPU.ActiveCfg = Release|Any CPU
		{468BF94E-6C26-4D6E-95CE-9571D6CB2CF0}.Release|Any CPU.Build.0 = Release|Any CPU
		{AB8142C3-4D0F-4E16-A133-C5F02772D16D}.Debug|Any CPU.ActiveCfg = Debug|Any CPU
		{AB8142C3-4D0F-4E16-A133-C5F02772D16D}.Debug|Any CPU.Build.0 = Debug|Any CPU
		{AB8142C3-4D0F-4E16-A133-C5F02772D16D}.Release|Any CPU.ActiveCfg = Release|Any CPU
		{AB8142C3-4D0F-4E16-A133-C5F02772D16D}.Release|Any CPU.Build.0 = Release|Any CPU
		{0CF00A3A-91E8-4371-8544-D8840BAF1DAE}.Debug|Any CPU.ActiveCfg = Debug|Any CPU
		{0CF00A3A-91E8-4371-8544-D8840BAF1DAE}.Debug|Any CPU.Build.0 = Debug|Any CPU
		{0CF00A3A-91E8-4371-8544-D8840BAF1DAE}.Release|Any CPU.ActiveCfg = Release|Any CPU
		{0CF00A3A-91E8-4371-8544-D8840BAF1DAE}.Release|Any CPU.Build.0 = Release|Any CPU
	EndGlobalSection
	GlobalSection(SolutionProperties) = preSolution
		HideSolutionNode = FALSE
	EndGlobalSection
	GlobalSection(ExtensibilityGlobals) = postSolution
		SolutionGuid = {E672949D-7BDB-4EC2-82FB-E3D2FE2333BA}
	EndGlobalSection
EndGlobal
